// !$*UTF8*$!
{
	archiveVersion = 1;
	classes = {
	};
	objectVersion = 46;
	objects = {

/* Begin PBXBuildFile section */
		CFE115C61D961920003857FA /* AppDelegate.swift in Sources */ = {isa = PBXBuildFile; fileRef = CFE115C51D961920003857FA /* AppDelegate.swift */; };
		CFE115C81D961920003857FA /* ViewController.swift in Sources */ = {isa = PBXBuildFile; fileRef = CFE115C71D961920003857FA /* ViewController.swift */; };
		CFE115CB1D961920003857FA /* Main.storyboard in Resources */ = {isa = PBXBuildFile; fileRef = CFE115C91D961920003857FA /* Main.storyboard */; };
		CFE115CD1D961920003857FA /* Assets.xcassets in Resources */ = {isa = PBXBuildFile; fileRef = CFE115CC1D961920003857FA /* Assets.xcassets */; };
		CFE115D01D961920003857FA /* LaunchScreen.storyboard in Resources */ = {isa = PBXBuildFile; fileRef = CFE115CE1D961920003857FA /* LaunchScreen.storyboard */; };
/* End PBXBuildFile section */

/* Begin PBXFileReference section */
		CFE115C21D961920003857FA /* boomApp.app */ = {isa = PBXFileReference; explicitFileType = wrapper.application; includeInIndex = 0; path = boomApp.app; sourceTree = BUILT_PRODUCTS_DIR; };
		CFE115C51D961920003857FA /* AppDelegate.swift */ = {isa = PBXFileReference; lastKnownFileType = sourcecode.swift; path = AppDelegate.swift; sourceTree = "<group>"; };
		CFE115C71D961920003857FA /* ViewController.swift */ = {isa = PBXFileReference; lastKnownFileType = sourcecode.swift; path = ViewController.swift; sourceTree = "<group>"; };
		CFE115CA1D961920003857FA /* Base */ = {isa = PBXFileReference; lastKnownFileType = file.storyboard; name = Base; path = Base.lproj/Main.storyboard; sourceTree = "<group>"; };
		CFE115CC1D961920003857FA /* Assets.xcassets */ = {isa = PBXFileReference; lastKnownFileType = folder.assetcatalog; path = Assets.xcassets; sourceTree = "<group>"; };
		CFE115CF1D961920003857FA /* Base */ = {isa = PBXFileReference; lastKnownFileType = file.storyboard; name = Base; path = Base.lproj/LaunchScreen.storyboard; sourceTree = "<group>"; };
		CFE115D11D961920003857FA /* Info.plist */ = {isa = PBXFileReference; lastKnownFileType = text.plist.xml; path = Info.plist; sourceTree = "<group>"; };
/* End PBXFileReference section */

/* Begin PBXFrameworksBuildPhase section */
		CFE115BF1D961920003857FA /* Frameworks */ = {
			isa = PBXFrameworksBuildPhase;
			buildActionMask = 2147483647;
			files = (
			);
			runOnlyForDeploymentPostprocessing = 0;
		};
/* End PBXFrameworksBuildPhase section */

/* Begin PBXGroup section */
		CFE115B91D961920003857FA = {
			isa = PBXGroup;
			children = (
				CFE115C41D961920003857FA /* boomApp */,
				CFE115C31D961920003857FA /* Products */,
			);
			sourceTree = "<group>";
		};
		CFE115C31D961920003857FA /* Products */ = {
			isa = PBXGroup;
			children = (
				CFE115C21D961920003857FA /* boomApp.app */,
			);
			name = Products;
			sourceTree = "<group>";
		};
		CFE115C41D961920003857FA /* boomApp */ = {
			isa = PBXGroup;
			children = (
				CFE115C51D961920003857FA /* AppDelegate.swift */,
				CFE115C71D961920003857FA /* ViewController.swift */,
				CFE115C91D961920003857FA /* Main.storyboard */,
				CFE115CC1D961920003857FA /* Assets.xcassets */,
				CFE115CE1D961920003857FA /* LaunchScreen.storyboard */,
				CFE115D11D961920003857FA /* Info.plist */,
			);
			path = boomApp;
			sourceTree = "<group>";
		};
/* End PBXGroup section */

/* Begin PBXNativeTarget section */
		CFE115C11D961920003857FA /* boomApp */ = {
			isa = PBXNativeTarget;
			buildConfigurationList = CFE115D41D961920003857FA /* Build configuration list for PBXNativeTarget "boomApp" */;
			buildPhases = (
				CFE115BE1D961920003857FA /* Sources */,
				CFE115BF1D961920003857FA /* Frameworks */,
				CFE115C01D961920003857FA /* Resources */,
			);
			buildRules = (
			);
			dependencies = (
			);
			name = boomApp;
			productName = boomApp;
			productReference = CFE115C21D961920003857FA /* boomApp.app */;
			productType = "com.apple.product-type.application";
		};
/* End PBXNativeTarget section */

/* Begin PBXProject section */
		CFE115BA1D961920003857FA /* Project object */ = {
			isa = PBXProject;
			attributes = {
				LastSwiftUpdateCheck = 0730;
				LastUpgradeCheck = 0730;
				ORGANIZATIONNAME = jorge;
				TargetAttributes = {
					CFE115C11D961920003857FA = {
						CreatedOnToolsVersion = 7.3.1;
					};
				};
			};
			buildConfigurationList = CFE115BD1D961920003857FA /* Build configuration list for PBXProject "boomApp" */;
			compatibilityVersion = "Xcode 3.2";
			developmentRegion = English;
			hasScannedForEncodings = 0;
			knownRegions = (
				en,
				Base,
			);
			mainGroup = CFE115B91D961920003857FA;
			productRefGroup = CFE115C31D961920003857FA /* Products */;
			projectDirPath = "";
			projectRoot = "";
			targets = (
				CFE115C11D961920003857FA /* boomApp */,
			);
		};
/* End PBXProject section */

/* Begin PBXResourcesBuildPhase section */
		CFE115C01D961920003857FA /* Resources */ = {
			isa = PBXResourcesBuildPhase;
			buildActionMask = 2147483647;
			files = (
				CFE115D01D961920003857FA /* LaunchScreen.storyboard in Resources */,
				CFE115CD1D961920003857FA /* Assets.xcassets in Resources */,
				CFE115CB1D961920003857FA /* Main.storyboard in Resources */,
			);
			runOnlyForDeploymentPostprocessing = 0;
		};
/* End PBXResourcesBuildPhase section */

/* Begin PBXSourcesBuildPhase section */
		CFE115BE1D961920003857FA /* Sources */ = {
			isa = PBXSourcesBuildPhase;
			buildActionMask = 2147483647;
			files = (
				CFE115C81D961920003857FA /* ViewController.swift in Sources */,
				CFE115C61D961920003857FA /* AppDelegate.swift in Sources */,
			);
			runOnlyForDeploymentPostprocessing = 0;
		};
/* End PBXSourcesBuildPhase section */

/* Begin PBXVariantGroup section */
		CFE115C91D961920003857FA /* Main.storyboard */ = {
			isa = PBXVariantGroup;
			children = (
				CFE115CA1D961920003857FA /* Base */,
			);
			name = Main.storyboard;
			sourceTree = "<group>";
		};
		CFE115CE1D961920003857FA /* LaunchScreen.storyboard */ = {
			isa = PBXVariantGroup;
			children = (
				CFE115CF1D961920003857FA /* Base */,
			);
			name = LaunchScreen.storyboard;
			sourceTree = "<group>";
		};
/* End PBXVariantGroup section */

/* Begin XCBuildConfiguration section */
		CFE115D21D961920003857FA /* Debug */ = {
			isa = XCBuildConfiguration;
			buildSettings = {
				ALWAYS_SEARCH_USER_PATHS = NO;
				CLANG_ANALYZER_NONNULL = YES;
				CLANG_CXX_LANGUAGE_STANDARD = "gnu++0x";
				CLANG_CXX_LIBRARY = "libc++";
				CLANG_ENABLE_MODULES = YES;
				CLANG_ENABLE_OBJC_ARC = YES;
				CLANG_WARN_BOOL_CONVERSION = YES;
				CLANG_WARN_CONSTANT_CONVERSION = YES;
				CLANG_WARN_DIRECT_OBJC_ISA_USAGE = YES_ERROR;
				CLANG_WARN_EMPTY_BODY = YES;
				CLANG_WARN_ENUM_CONVERSION = YES;
				CLANG_WARN_INT_CONVERSION = YES;
				CLANG_WARN_OBJC_ROOT_CLASS = YES_ERROR;
				CLANG_WARN_UNREACHABLE_CODE = YES;
				CLANG_WARN__DUPLICATE_METHOD_MATCH = YES;
				"CODE_SIGN_IDENTITY[sdk=iphoneos*]" = "iPhone Developer";
				COPY_PHASE_STRIP = NO;
				DEBUG_INFORMATION_FORMAT = dwarf;
				ENABLE_STRICT_OBJC_MSGSEND = YES;
				ENABLE_TESTABILITY = YES;
				GCC_C_LANGUAGE_STANDARD = gnu99;
				GCC_DYNAMIC_NO_PIC = NO;
				GCC_NO_COMMON_BLOCKS = YES;
				GCC_OPTIMIZATION_LEVEL = 0;
				GCC_PREPROCESSOR_DEFINITIONS = (
					"DEBUG=1",
					"$(inherited)",
				);
				GCC_WARN_64_TO_32_BIT_CONVERSION = YES;
				GCC_WARN_ABOUT_RETURN_TYPE = YES_ERROR;
				GCC_WARN_UNDECLARED_SELECTOR = YES;
				GCC_WARN_UNINITIALIZED_AUTOS = YES_AGGRESSIVE;
				GCC_WARN_UNUSED_FUNCTION = YES;
				GCC_WARN_UNUSED_VARIABLE = YES;
				IPHONEOS_DEPLOYMENT_TARGET = 9.3;
				MTL_ENABLE_DEBUG_INFO = YES;
				ONLY_ACTIVE_ARCH = YES;
				SDKROOT = iphoneos;
				SWIFT_OPTIMIZATION_LEVEL = "-Onone";
				TARGETED_DEVICE_FAMILY = "1,2";
			};
			name = Debug;
		};
		CFE115D31D961920003857FA /* Release */ = {
			isa = XCBuildConfiguration;
			buildSettings = {
				ALWAYS_SEARCH_USER_PATHS = NO;
				CLANG_ANALYZER_NONNULL = YES;
				CLANG_CXX_LANGUAGE_STANDARD = "gnu++0x";
				CLANG_CXX_LIBRARY = "libc++";
				CLANG_ENABLE_MODULES = YES;
				CLANG_ENABLE_OBJC_ARC = YES;
				CLANG_WARN_BOOL_CONVERSION = YES;
				CLANG_WARN_CONSTANT_CONVERSION = YES;
				CLANG_WARN_DIRECT_OBJC_ISA_USAGE = YES_ERROR;
				CLANG_WARN_EMPTY_BODY = YES;
				CLANG_WARN_ENUM_CONVERSION = YES;
				CLANG_WARN_INT_CONVERSION = YES;
				CLANG_WARN_OBJC_ROOT_CLASS = YES_ERROR;
				CLANG_WARN_UNREACHABLE_CODE = YES;
				CLANG_WARN__DUPLICATE_METHOD_MATCH = YES;
				"CODE_SIGN_IDENTITY[sdk=iphoneos*]" = "iPhone Developer";
				COPY_PHASE_STRIP = NO;
				DEBUG_INFORMATION_FORMAT = "dwarf-with-dsym";
				ENABLE_NS_ASSERTIONS = NO;
				ENABLE_STRICT_OBJC_MSGSEND = YES;
				GCC_C_LANGUAGE_STANDARD = gnu99;
				GCC_NO_COMMON_BLOCKS = YES;
				GCC_WARN_64_TO_32_BIT_CONVERSION = YES;
				GCC_WARN_ABOUT_RETURN_TYPE = YES_ERROR;
				GCC_WARN_UNDECLARED_SELECTOR = YES;
				GCC_WARN_UNINITIALIZED_AUTOS = YES_AGGRESSIVE;
				GCC_WARN_UNUSED_FUNCTION = YES;
				GCC_WARN_UNUSED_VARIABLE = YES;
				IPHONEOS_DEPLOYMENT_TARGET = 9.3;
				MTL_ENABLE_DEBUG_INFO = NO;
				SDKROOT = iphoneos;
				TARGETED_DEVICE_FAMILY = "1,2";
				VALIDATE_PRODUCT = YES;
			};
			name = Release;
		};
		CFE115D51D961920003857FA /* Debug */ = {
			isa = XCBuildConfiguration;
			buildSettings = {
				ASSETCATALOG_COMPILER_APPICON_NAME = AppIcon;
				INFOPLIST_FILE = boomApp/Info.plist;
				LD_RUNPATH_SEARCH_PATHS = "$(inherited) @executable_path/Frameworks";
				PRODUCT_BUNDLE_IDENTIFIER = cactus.boomApp;
				PRODUCT_NAME = "$(TARGET_NAME)";
			};
			name = Debug;
		};
		CFE115D61D961920003857FA /* Release */ = {
			isa = XCBuildConfiguration;
			buildSettings = {
				ASSETCATALOG_COMPILER_APPICON_NAME = AppIcon;
				INFOPLIST_FILE = boomApp/Info.plist;
				LD_RUNPATH_SEARCH_PATHS = "$(inherited) @executable_path/Frameworks";
				PRODUCT_BUNDLE_IDENTIFIER = cactus.boomApp;
				PRODUCT_NAME = "$(TARGET_NAME)";
			};
			name = Release;
		};
/* End XCBuildConfiguration section */

/* Begin XCConfigurationList section */
		CFE115BD1D961920003857FA /* Build configuration list for PBXProject "boomApp" */ = {
			isa = XCConfigurationList;
			buildConfigurations = (
				CFE115D21D961920003857FA /* Debug */,
				CFE115D31D961920003857FA /* Release */,
			);
			defaultConfigurationIsVisible = 0;
			defaultConfigurationName = Release;
		};
		CFE115D41D961920003857FA /* Build configuration list for PBXNativeTarget "boomApp" */ = {
			isa = XCConfigurationList;
			buildConfigurations = (
				CFE115D51D961920003857FA /* Debug */,
				CFE115D61D961920003857FA /* Release */,
			);
			defaultConfigurationIsVisible = 0;
		};
/* End XCConfigurationList section */
	};
	rootObject = CFE115BA1D961920003857FA /* Project object */;
}
